
Microsoft Visual Studio Solution File, Format Version 12.00
# Visual Studio 2012
Project("{FAE04EC0-301F-11D3-BF4B-00C04F79EFBC}") = "Blackjack", "Blackjack\Blackjack.csproj", "{BC9E9CC9-40F7-4C3E-A520-5FB6DAAE88A7}"
EndProject
Project("{FAE04EC0-301F-11D3-BF4B-00C04F79EFBC}") = "Blackjack.UnitTests", "Blackjack.UnitTests\Blackjack.UnitTests.csproj", "{4696A352-D5D6-4BD4-8F05-6C868A08D14C}"
EndProject
Global
	GlobalSection(SolutionConfigurationPlatforms) = preSolution
		Debug|Any CPU = Debug|Any CPU
		Release|Any CPU = Release|Any CPU
	EndGlobalSection
	GlobalSection(ProjectConfigurationPlatforms) = postSolution
		{BC9E9CC9-40F7-4C3E-A520-5FB6DAAE88A7}.Debug|Any CPU.ActiveCfg = Debug|Any CPU
		{BC9E9CC9-40F7-4C3E-A520-5FB6DAAE88A7}.Debug|Any CPU.Build.0 = Debug|Any CPU
		{BC9E9CC9-40F7-4C3E-A520-5FB6DAAE88A7}.Release|Any CPU.ActiveCfg = Release|Any CPU
		{BC9E9CC9-40F7-4C3E-A520-5FB6DAAE88A7}.Release|Any CPU.Build.0 = Release|Any CPU
		{4696A352-D5D6-4BD4-8F05-6C868A08D14C}.Debug|Any CPU.ActiveCfg = Debug|Any CPU
		{4696A352-D5D6-4BD4-8F05-6C868A08D14C}.Debug|Any CPU.Build.0 = Debug|Any CPU
		{4696A352-D5D6-4BD4-8F05-6C868A08D14C}.Release|Any CPU.ActiveCfg = Release|Any CPU
		{4696A352-D5D6-4BD4-8F05-6C868A08D14C}.Release|Any CPU.Build.0 = Release|Any CPU
	EndGlobalSection
	GlobalSection(SolutionProperties) = preSolution
		HideSolutionNode = FALSE
	EndGlobalSection
EndGlobal
